// !$*UTF8*$!
{
	archiveVersion = 1;
	classes = {
	};
	objectVersion = 56;
	objects = {

/* Begin PBXBuildFile section */
		881CC52229264313009A184A /* ImageViewController.swift in Sources */ = {isa = PBXBuildFile; fileRef = 881CC52129264313009A184A /* ImageViewController.swift */; };
		881CC52429265F01009A184A /* CoursesViewController.swift in Sources */ = {isa = PBXBuildFile; fileRef = 881CC52329265F01009A184A /* CoursesViewController.swift */; };
		881CC52629265FE8009A184A /* WebViewController.swift in Sources */ = {isa = PBXBuildFile; fileRef = 881CC52529265FE8009A184A /* WebViewController.swift */; };
		881CC52829266242009A184A /* Course.swift in Sources */ = {isa = PBXBuildFile; fileRef = 881CC52729266242009A184A /* Course.swift */; };
		881CC52A292667CF009A184A /* WebsiteDescription.swift in Sources */ = {isa = PBXBuildFile; fileRef = 881CC529292667CF009A184A /* WebsiteDescription.swift */; };
		881CC52C29266E6A009A184A /* TableViewCell.swift in Sources */ = {isa = PBXBuildFile; fileRef = 881CC52B29266E6A009A184A /* TableViewCell.swift */; };
		881CC52E29267D75009A184A /* MainViewController.swift in Sources */ = {isa = PBXBuildFile; fileRef = 881CC52D29267D75009A184A /* MainViewController.swift */; };
		881CC53029267D91009A184A /* CollectionViewCell.swift in Sources */ = {isa = PBXBuildFile; fileRef = 881CC52F29267D91009A184A /* CollectionViewCell.swift */; };
		881CC534292683B2009A184A /* NetworkManager.swift in Sources */ = {isa = PBXBuildFile; fileRef = 881CC533292683B2009A184A /* NetworkManager.swift */; };
		88546F552926355E0088936F /* AppDelegate.swift in Sources */ = {isa = PBXBuildFile; fileRef = 88546F542926355E0088936F /* AppDelegate.swift */; };
		88546F572926355E0088936F /* SceneDelegate.swift in Sources */ = {isa = PBXBuildFile; fileRef = 88546F562926355E0088936F /* SceneDelegate.swift */; };
		88546F5C2926355E0088936F /* Main.storyboard in Resources */ = {isa = PBXBuildFile; fileRef = 88546F5A2926355E0088936F /* Main.storyboard */; };
		88546F5E2926355E0088936F /* Assets.xcassets in Resources */ = {isa = PBXBuildFile; fileRef = 88546F5D2926355E0088936F /* Assets.xcassets */; };
		88546F612926355E0088936F /* LaunchScreen.storyboard in Resources */ = {isa = PBXBuildFile; fileRef = 88546F5F2926355E0088936F /* LaunchScreen.storyboard */; };
		88B7D3FA292783F800119488 /* ImageProperties.swift in Sources */ = {isa = PBXBuildFile; fileRef = 88B7D3F9292783F800119488 /* ImageProperties.swift */; };
		88B7D3FC292794BF00119488 /* DataProvider.swift in Sources */ = {isa = PBXBuildFile; fileRef = 88B7D3FB292794BF00119488 /* DataProvider.swift */; };
		88FF6AB4292B9767004990E7 /* AlamofireNetworkRequest.swift in Sources */ = {isa = PBXBuildFile; fileRef = 88FF6AB3292B9767004990E7 /* AlamofireNetworkRequest.swift */; };
		88FF6AB7292B9796004990E7 /* Alamofire in Frameworks */ = {isa = PBXBuildFile; productRef = 88FF6AB6292B9796004990E7 /* Alamofire */; };
/* End PBXBuildFile section */

/* Begin PBXFileReference section */
		881CC52129264313009A184A /* ImageViewController.swift */ = {isa = PBXFileReference; lastKnownFileType = sourcecode.swift; path = ImageViewController.swift; sourceTree = "<group>"; };
		881CC52329265F01009A184A /* CoursesViewController.swift */ = {isa = PBXFileReference; lastKnownFileType = sourcecode.swift; path = CoursesViewController.swift; sourceTree = "<group>"; };
		881CC52529265FE8009A184A /* WebViewController.swift */ = {isa = PBXFileReference; lastKnownFileType = sourcecode.swift; path = WebViewController.swift; sourceTree = "<group>"; };
		881CC52729266242009A184A /* Course.swift */ = {isa = PBXFileReference; lastKnownFileType = sourcecode.swift; path = Course.swift; sourceTree = "<group>"; };
		881CC529292667CF009A184A /* WebsiteDescription.swift */ = {isa = PBXFileReference; lastKnownFileType = sourcecode.swift; path = WebsiteDescription.swift; sourceTree = "<group>"; };
		881CC52B29266E6A009A184A /* TableViewCell.swift */ = {isa = PBXFileReference; lastKnownFileType = sourcecode.swift; path = TableViewCell.swift; sourceTree = "<group>"; };
		881CC52D29267D75009A184A /* MainViewController.swift */ = {isa = PBXFileReference; lastKnownFileType = sourcecode.swift; path = MainViewController.swift; sourceTree = "<group>"; };
		881CC52F29267D91009A184A /* CollectionViewCell.swift */ = {isa = PBXFileReference; lastKnownFileType = sourcecode.swift; path = CollectionViewCell.swift; sourceTree = "<group>"; };
		881CC533292683B2009A184A /* NetworkManager.swift */ = {isa = PBXFileReference; lastKnownFileType = sourcecode.swift; path = NetworkManager.swift; sourceTree = "<group>"; };
		88546F512926355E0088936F /* Networking3.app */ = {isa = PBXFileReference; explicitFileType = wrapper.application; includeInIndex = 0; path = Networking3.app; sourceTree = BUILT_PRODUCTS_DIR; };
		88546F542926355E0088936F /* AppDelegate.swift */ = {isa = PBXFileReference; lastKnownFileType = sourcecode.swift; path = AppDelegate.swift; sourceTree = "<group>"; };
		88546F562926355E0088936F /* SceneDelegate.swift */ = {isa = PBXFileReference; lastKnownFileType = sourcecode.swift; path = SceneDelegate.swift; sourceTree = "<group>"; };
		88546F5B2926355E0088936F /* Base */ = {isa = PBXFileReference; lastKnownFileType = file.storyboard; name = Base; path = Base.lproj/Main.storyboard; sourceTree = "<group>"; };
		88546F5D2926355E0088936F /* Assets.xcassets */ = {isa = PBXFileReference; lastKnownFileType = folder.assetcatalog; path = Assets.xcassets; sourceTree = "<group>"; };
		88546F602926355E0088936F /* Base */ = {isa = PBXFileReference; lastKnownFileType = file.storyboard; name = Base; path = Base.lproj/LaunchScreen.storyboard; sourceTree = "<group>"; };
		88546F622926355E0088936F /* Info.plist */ = {isa = PBXFileReference; lastKnownFileType = text.plist.xml; path = Info.plist; sourceTree = "<group>"; };
		88B7D3F9292783F800119488 /* ImageProperties.swift */ = {isa = PBXFileReference; lastKnownFileType = sourcecode.swift; path = ImageProperties.swift; sourceTree = "<group>"; };
		88B7D3FB292794BF00119488 /* DataProvider.swift */ = {isa = PBXFileReference; lastKnownFileType = sourcecode.swift; path = DataProvider.swift; sourceTree = "<group>"; };
		88FF6AB3292B9767004990E7 /* AlamofireNetworkRequest.swift */ = {isa = PBXFileReference; lastKnownFileType = sourcecode.swift; path = AlamofireNetworkRequest.swift; sourceTree = "<group>"; };
/* End PBXFileReference section */

/* Begin PBXFrameworksBuildPhase section */
		88546F4E2926355E0088936F /* Frameworks */ = {
			isa = PBXFrameworksBuildPhase;
			buildActionMask = 2147483647;
			files = (
				88FF6AB7292B9796004990E7 /* Alamofire in Frameworks */,
			);
			runOnlyForDeploymentPostprocessing = 0;
		};
/* End PBXFrameworksBuildPhase section */

/* Begin PBXGroup section */
		88546F482926355D0088936F = {
			isa = PBXGroup;
			children = (
				88546F532926355E0088936F /* Networking3 */,
				88546F522926355E0088936F /* Products */,
			);
			sourceTree = "<group>";
		};
		88546F522926355E0088936F /* Products */ = {
			isa = PBXGroup;
			children = (
				88546F512926355E0088936F /* Networking3.app */,
			);
			name = Products;
			sourceTree = "<group>";
		};
		88546F532926355E0088936F /* Networking3 */ = {
			isa = PBXGroup;
			children = (
				88546F542926355E0088936F /* AppDelegate.swift */,
				88546F562926355E0088936F /* SceneDelegate.swift */,
				88B7D3FD2927CDE200119488 /* ViewControllers */,
				88B7D3FE2927CE1300119488 /* Cells */,
				88B7D3FF2927CE2800119488 /* Models */,
				88B7D4002927CE3500119488 /* Service */,
				88546F5A2926355E0088936F /* Main.storyboard */,
				88546F5D2926355E0088936F /* Assets.xcassets */,
				88546F5F2926355E0088936F /* LaunchScreen.storyboard */,
				88546F622926355E0088936F /* Info.plist */,
			);
			path = Networking3;
			sourceTree = "<group>";
		};
		88B7D3FD2927CDE200119488 /* ViewControllers */ = {
			isa = PBXGroup;
			children = (
				881CC52D29267D75009A184A /* MainViewController.swift */,
				881CC52129264313009A184A /* ImageViewController.swift */,
				881CC52529265FE8009A184A /* WebViewController.swift */,
				881CC52329265F01009A184A /* CoursesViewController.swift */,
			);
			path = ViewControllers;
			sourceTree = "<group>";
		};
		88B7D3FE2927CE1300119488 /* Cells */ = {
			isa = PBXGroup;
			children = (
				881CC52B29266E6A009A184A /* TableViewCell.swift */,
				881CC52F29267D91009A184A /* CollectionViewCell.swift */,
			);
			path = Cells;
			sourceTree = "<group>";
		};
		88B7D3FF2927CE2800119488 /* Models */ = {
			isa = PBXGroup;
			children = (
				881CC52729266242009A184A /* Course.swift */,
				88B7D3F9292783F800119488 /* ImageProperties.swift */,
				881CC529292667CF009A184A /* WebsiteDescription.swift */,
			);
			path = Models;
			sourceTree = "<group>";
		};
		88B7D4002927CE3500119488 /* Service */ = {
			isa = PBXGroup;
			children = (
				881CC533292683B2009A184A /* NetworkManager.swift */,
				88B7D3FB292794BF00119488 /* DataProvider.swift */,
				88FF6AB3292B9767004990E7 /* AlamofireNetworkRequest.swift */,
			);
			path = Service;
			sourceTree = "<group>";
		};
/* End PBXGroup section */

/* Begin PBXNativeTarget section */
		88546F502926355E0088936F /* Networking3 */ = {
			isa = PBXNativeTarget;
			buildConfigurationList = 88546F652926355E0088936F /* Build configuration list for PBXNativeTarget "Networking3" */;
			buildPhases = (
				88546F4D2926355E0088936F /* Sources */,
				88546F4E2926355E0088936F /* Frameworks */,
				88546F4F2926355E0088936F /* Resources */,
			);
			buildRules = (
			);
			dependencies = (
			);
			name = Networking3;
			packageProductDependencies = (
				88FF6AB6292B9796004990E7 /* Alamofire */,
			);
			productName = Networking3;
			productReference = 88546F512926355E0088936F /* Networking3.app */;
			productType = "com.apple.product-type.application";
		};
/* End PBXNativeTarget section */

/* Begin PBXProject section */
		88546F492926355D0088936F /* Project object */ = {
			isa = PBXProject;
			attributes = {
				BuildIndependentTargetsInParallel = 1;
				LastSwiftUpdateCheck = 1410;
				LastUpgradeCheck = 1410;
				TargetAttributes = {
					88546F502926355E0088936F = {
						CreatedOnToolsVersion = 14.1;
					};
				};
			};
			buildConfigurationList = 88546F4C2926355D0088936F /* Build configuration list for PBXProject "Networking3" */;
			compatibilityVersion = "Xcode 14.0";
			developmentRegion = en;
			hasScannedForEncodings = 0;
			knownRegions = (
				en,
				Base,
			);
			mainGroup = 88546F482926355D0088936F;
			packageReferences = (
				88FF6AB5292B9796004990E7 /* XCRemoteSwiftPackageReference "Alamofire" */,
			);
			productRefGroup = 88546F522926355E0088936F /* Products */;
			projectDirPath = "";
			projectRoot = "";
			targets = (
				88546F502926355E0088936F /* Networking3 */,
			);
		};
/* End PBXProject section */

/* Begin PBXResourcesBuildPhase section */
		88546F4F2926355E0088936F /* Resources */ = {
			isa = PBXResourcesBuildPhase;
			buildActionMask = 2147483647;
			files = (
				88546F612926355E0088936F /* LaunchScreen.storyboard in Resources */,
				88546F5E2926355E0088936F /* Assets.xcassets in Resources */,
				88546F5C2926355E0088936F /* Main.storyboard in Resources */,
			);
			runOnlyForDeploymentPostprocessing = 0;
		};
/* End PBXResourcesBuildPhase section */

/* Begin PBXSourcesBuildPhase section */
		88546F4D2926355E0088936F /* Sources */ = {
			isa = PBXSourcesBuildPhase;
			buildActionMask = 2147483647;
			files = (
				881CC534292683B2009A184A /* NetworkManager.swift in Sources */,
				881CC52829266242009A184A /* Course.swift in Sources */,
				881CC52A292667CF009A184A /* WebsiteDescription.swift in Sources */,
				881CC52C29266E6A009A184A /* TableViewCell.swift in Sources */,
				881CC52629265FE8009A184A /* WebViewController.swift in Sources */,
				88546F552926355E0088936F /* AppDelegate.swift in Sources */,
				881CC52229264313009A184A /* ImageViewController.swift in Sources */,
				88FF6AB4292B9767004990E7 /* AlamofireNetworkRequest.swift in Sources */,
				88546F572926355E0088936F /* SceneDelegate.swift in Sources */,
				88B7D3FA292783F800119488 /* ImageProperties.swift in Sources */,
				881CC52429265F01009A184A /* CoursesViewController.swift in Sources */,
				881CC52E29267D75009A184A /* MainViewController.swift in Sources */,
				881CC53029267D91009A184A /* CollectionViewCell.swift in Sources */,
				88B7D3FC292794BF00119488 /* DataProvider.swift in Sources */,
			);
			runOnlyForDeploymentPostprocessing = 0;
		};
/* End PBXSourcesBuildPhase section */

/* Begin PBXVariantGroup section */
		88546F5A2926355E0088936F /* Main.storyboard */ = {
			isa = PBXVariantGroup;
			children = (
				88546F5B2926355E0088936F /* Base */,
			);
			name = Main.storyboard;
			sourceTree = "<group>";
		};
		88546F5F2926355E0088936F /* LaunchScreen.storyboard */ = {
			isa = PBXVariantGroup;
			children = (
				88546F602926355E0088936F /* Base */,
			);
			name = LaunchScreen.storyboard;
			sourceTree = "<group>";
		};
/* End PBXVariantGroup section */

/* Begin XCBuildConfiguration section */
		88546F632926355E0088936F /* Debug */ = {
			isa = XCBuildConfiguration;
			buildSettings = {
				ALWAYS_SEARCH_USER_PATHS = NO;
				CLANG_ANALYZER_NONNULL = YES;
				CLANG_ANALYZER_NUMBER_OBJECT_CONVERSION = YES_AGGRESSIVE;
				CLANG_CXX_LANGUAGE_STANDARD = "gnu++20";
				CLANG_ENABLE_MODULES = YES;
				CLANG_ENABLE_OBJC_ARC = YES;
				CLANG_ENABLE_OBJC_WEAK = YES;
				CLANG_WARN_BLOCK_CAPTURE_AUTORELEASING = YES;
				CLANG_WARN_BOOL_CONVERSION = YES;
				CLANG_WARN_COMMA = YES;
				CLANG_WARN_CONSTANT_CONVERSION = YES;
				CLANG_WARN_DEPRECATED_OBJC_IMPLEMENTATIONS = YES;
				CLANG_WARN_DIRECT_OBJC_ISA_USAGE = YES_ERROR;
				CLANG_WARN_DOCUMENTATION_COMMENTS = YES;
				CLANG_WARN_EMPTY_BODY = YES;
				CLANG_WARN_ENUM_CONVERSION = YES;
				CLANG_WARN_INFINITE_RECURSION = YES;
				CLANG_WARN_INT_CONVERSION = YES;
				CLANG_WARN_NON_LITERAL_NULL_CONVERSION = YES;
				CLANG_WARN_OBJC_IMPLICIT_RETAIN_SELF = YES;
				CLANG_WARN_OBJC_LITERAL_CONVERSION = YES;
				CLANG_WARN_OBJC_ROOT_CLASS = YES_ERROR;
				CLANG_WARN_QUOTED_INCLUDE_IN_FRAMEWORK_HEADER = YES;
				CLANG_WARN_RANGE_LOOP_ANALYSIS = YES;
				CLANG_WARN_STRICT_PROTOTYPES = YES;
				CLANG_WARN_SUSPICIOUS_MOVE = YES;
				CLANG_WARN_UNGUARDED_AVAILABILITY = YES_AGGRESSIVE;
				CLANG_WARN_UNREACHABLE_CODE = YES;
				CLANG_WARN__DUPLICATE_METHOD_MATCH = YES;
				COPY_PHASE_STRIP = NO;
				DEBUG_INFORMATION_FORMAT = dwarf;
				ENABLE_STRICT_OBJC_MSGSEND = YES;
				ENABLE_TESTABILITY = YES;
				GCC_C_LANGUAGE_STANDARD = gnu11;
				GCC_DYNAMIC_NO_PIC = NO;
				GCC_NO_COMMON_BLOCKS = YES;
				GCC_OPTIMIZATION_LEVEL = 0;
				GCC_PREPROCESSOR_DEFINITIONS = (
					"DEBUG=1",
					"$(inherited)",
				);
				GCC_WARN_64_TO_32_BIT_CONVERSION = YES;
				GCC_WARN_ABOUT_RETURN_TYPE = YES_ERROR;
				GCC_WARN_UNDECLARED_SELECTOR = YES;
				GCC_WARN_UNINITIALIZED_AUTOS = YES_AGGRESSIVE;
				GCC_WARN_UNUSED_FUNCTION = YES;
				GCC_WARN_UNUSED_VARIABLE = YES;
				IPHONEOS_DEPLOYMENT_TARGET = 16.1;
				MTL_ENABLE_DEBUG_INFO = INCLUDE_SOURCE;
				MTL_FAST_MATH = YES;
				ONLY_ACTIVE_ARCH = YES;
				SDKROOT = iphoneos;
				SWIFT_ACTIVE_COMPILATION_CONDITIONS = DEBUG;
				SWIFT_OPTIMIZATION_LEVEL = "-Onone";
			};
			name = Debug;
		};
		88546F642926355E0088936F /* Release */ = {
			isa = XCBuildConfiguration;
			buildSettings = {
				ALWAYS_SEARCH_USER_PATHS = NO;
				CLANG_ANALYZER_NONNULL = YES;
				CLANG_ANALYZER_NUMBER_OBJECT_CONVERSION = YES_AGGRESSIVE;
				CLANG_CXX_LANGUAGE_STANDARD = "gnu++20";
				CLANG_ENABLE_MODULES = YES;
				CLANG_ENABLE_OBJC_ARC = YES;
				CLANG_ENABLE_OBJC_WEAK = YES;
				CLANG_WARN_BLOCK_CAPTURE_AUTORELEASING = YES;
				CLANG_WARN_BOOL_CONVERSION = YES;
				CLANG_WARN_COMMA = YES;
				CLANG_WARN_CONSTANT_CONVERSION = YES;
				CLANG_WARN_DEPRECATED_OBJC_IMPLEMENTATIONS = YES;
				CLANG_WARN_DIRECT_OBJC_ISA_USAGE = YES_ERROR;
				CLANG_WARN_DOCUMENTATION_COMMENTS = YES;
				CLANG_WARN_EMPTY_BODY = YES;
				CLANG_WARN_ENUM_CONVERSION = YES;
				CLANG_WARN_INFINITE_RECURSION = YES;
				CLANG_WARN_INT_CONVERSION = YES;
				CLANG_WARN_NON_LITERAL_NULL_CONVERSION = YES;
				CLANG_WARN_OBJC_IMPLICIT_RETAIN_SELF = YES;
				CLANG_WARN_OBJC_LITERAL_CONVERSION = YES;
				CLANG_WARN_OBJC_ROOT_CLASS = YES_ERROR;
				CLANG_WARN_QUOTED_INCLUDE_IN_FRAMEWORK_HEADER = YES;
				CLANG_WARN_RANGE_LOOP_ANALYSIS = YES;
				CLANG_WARN_STRICT_PROTOTYPES = YES;
				CLANG_WARN_SUSPICIOUS_MOVE = YES;
				CLANG_WARN_UNGUARDED_AVAILABILITY = YES_AGGRESSIVE;
				CLANG_WARN_UNREACHABLE_CODE = YES;
				CLANG_WARN__DUPLICATE_METHOD_MATCH = YES;
				COPY_PHASE_STRIP = NO;
				DEBUG_INFORMATION_FORMAT = "dwarf-with-dsym";
				ENABLE_NS_ASSERTIONS = NO;
				ENABLE_STRICT_OBJC_MSGSEND = YES;
				GCC_C_LANGUAGE_STANDARD = gnu11;
				GCC_NO_COMMON_BLOCKS = YES;
				GCC_WARN_64_TO_32_BIT_CONVERSION = YES;
				GCC_WARN_ABOUT_RETURN_TYPE = YES_ERROR;
				GCC_WARN_UNDECLARED_SELECTOR = YES;
				GCC_WARN_UNINITIALIZED_AUTOS = YES_AGGRESSIVE;
				GCC_WARN_UNUSED_FUNCTION = YES;
				GCC_WARN_UNUSED_VARIABLE = YES;
				IPHONEOS_DEPLOYMENT_TARGET = 16.1;
				MTL_ENABLE_DEBUG_INFO = NO;
				MTL_FAST_MATH = YES;
				SDKROOT = iphoneos;
				SWIFT_COMPILATION_MODE = wholemodule;
				SWIFT_OPTIMIZATION_LEVEL = "-O";
				VALIDATE_PRODUCT = YES;
			};
			name = Release;
		};
		88546F662926355E0088936F /* Debug */ = {
			isa = XCBuildConfiguration;
			buildSettings = {
				ASSETCATALOG_COMPILER_APPICON_NAME = AppIcon;
				ASSETCATALOG_COMPILER_GLOBAL_ACCENT_COLOR_NAME = AccentColor;
				CODE_SIGN_STYLE = Automatic;
				CURRENT_PROJECT_VERSION = 1;
				DEVELOPMENT_TEAM = C89RJ7Z5HJ;
				GENERATE_INFOPLIST_FILE = YES;
				INFOPLIST_FILE = Networking3/Info.plist;
				INFOPLIST_KEY_UIApplicationSupportsIndirectInputEvents = YES;
				INFOPLIST_KEY_UILaunchStoryboardName = LaunchScreen;
				INFOPLIST_KEY_UIMainStoryboardFile = Main;
				INFOPLIST_KEY_UISupportedInterfaceOrientations_iPad = "UIInterfaceOrientationPortrait UIInterfaceOrientationPortraitUpsideDown UIInterfaceOrientationLandscapeLeft UIInterfaceOrientationLandscapeRight";
				INFOPLIST_KEY_UISupportedInterfaceOrientations_iPhone = "UIInterfaceOrientationPortrait UIInterfaceOrientationLandscapeLeft UIInterfaceOrientationLandscapeRight";
				LD_RUNPATH_SEARCH_PATHS = (
					"$(inherited)",
					"@executable_path/Frameworks",
				);
				MARKETING_VERSION = 1.0;
				PRODUCT_BUNDLE_IDENTIFIER = com.iosnichek.Networking3;
				PRODUCT_NAME = "$(TARGET_NAME)";
				SWIFT_EMIT_LOC_STRINGS = YES;
				SWIFT_VERSION = 5.0;
				TARGETED_DEVICE_FAMILY = "1,2";
			};
			name = Debug;
		};
		88546F672926355E0088936F /* Release */ = {
			isa = XCBuildConfiguration;
			buildSettings = {
				ASSETCATALOG_COMPILER_APPICON_NAME = AppIcon;
				ASSETCATALOG_COMPILER_GLOBAL_ACCENT_COLOR_NAME = AccentColor;
				CODE_SIGN_STYLE = Automatic;
				CURRENT_PROJECT_VERSION = 1;
				DEVELOPMENT_TEAM = C89RJ7Z5HJ;
				GENERATE_INFOPLIST_FILE = YES;
				INFOPLIST_FILE = Networking3/Info.plist;
				INFOPLIST_KEY_UIApplicationSupportsIndirectInputEvents = YES;
				INFOPLIST_KEY_UILaunchStoryboardName = LaunchScreen;
				INFOPLIST_KEY_UIMainStoryboardFile = Main;
				INFOPLIST_KEY_UISupportedInterfaceOrientations_iPad = "UIInterfaceOrientationPortrait UIInterfaceOrientationPortraitUpsideDown UIInterfaceOrientationLandscapeLeft UIInterfaceOrientationLandscapeRight";
				INFOPLIST_KEY_UISupportedInterfaceOrientations_iPhone = "UIInterfaceOrientationPortrait UIInterfaceOrientationLandscapeLeft UIInterfaceOrientationLandscapeRight";
				LD_RUNPATH_SEARCH_PATHS = (
					"$(inherited)",
					"@executable_path/Frameworks",
				);
				MARKETING_VERSION = 1.0;
				PRODUCT_BUNDLE_IDENTIFIER = com.iosnichek.Networking3;
				PRODUCT_NAME = "$(TARGET_NAME)";
				SWIFT_EMIT_LOC_STRINGS = YES;
				SWIFT_VERSION = 5.0;
				TARGETED_DEVICE_FAMILY = "1,2";
			};
			name = Release;
		};
/* End XCBuildConfiguration section */

/* Begin XCConfigurationList section */
		88546F4C2926355D0088936F /* Build configuration list for PBXProject "Networking3" */ = {
			isa = XCConfigurationList;
			buildConfigurations = (
				88546F632926355E0088936F /* Debug */,
				88546F642926355E0088936F /* Release */,
			);
			defaultConfigurationIsVisible = 0;
			defaultConfigurationName = Release;
		};
		88546F652926355E0088936F /* Build configuration list for PBXNativeTarget "Networking3" */ = {
			isa = XCConfigurationList;
			buildConfigurations = (
				88546F662926355E0088936F /* Debug */,
				88546F672926355E0088936F /* Release */,
			);
			defaultConfigurationIsVisible = 0;
			defaultConfigurationName = Release;
		};
/* End XCConfigurationList section */

/* Begin XCRemoteSwiftPackageReference section */
		88FF6AB5292B9796004990E7 /* XCRemoteSwiftPackageReference "Alamofire" */ = {
			isa = XCRemoteSwiftPackageReference;
			repositoryURL = "https://github.com/Alamofire/Alamofire.git";
			requirement = {
				kind = upToNextMajorVersion;
				minimumVersion = 5.6.1;
			};
		};
/* End XCRemoteSwiftPackageReference section */

/* Begin XCSwiftPackageProductDependency section */
		88FF6AB6292B9796004990E7 /* Alamofire */ = {
			isa = XCSwiftPackageProductDependency;
			package = 88FF6AB5292B9796004990E7 /* XCRemoteSwiftPackageReference "Alamofire" */;
			productName = Alamofire;
		};
/* End XCSwiftPackageProductDependency section */
	};
	rootObject = 88546F492926355D0088936F /* Project object */;
}
